
Microsoft Visual Studio Solution File, Format Version 12.00
# Visual Studio 14
VisualStudioVersion = 14.0.25420.1
MinimumVisualStudioVersion = 10.0.40219.1
Project("{FAE04EC0-301F-11D3-BF4B-00C04F79EFBC}") = "DictionaryScraper", "DictionaryScraper\DictionaryScraper.csproj", "{B4A094D9-3C3D-4B62-8D6C-FB5F6550E2EA}"
EndProject
Project("{FAE04EC0-301F-11D3-BF4B-00C04F79EFBC}") = "DictionaryScraperAPI", "DictionaryScraperAPI\DictionaryScraperAPI.csproj", "{0C872398-9841-46AC-915B-297F7343DD5C}"
EndProject
Project("{FAE04EC0-301F-11D3-BF4B-00C04F79EFBC}") = "FirebaseBatchInsert", "FirebaseBatchInsert\FirebaseBatchInsert.csproj", "{C529416A-BCBD-452F-839A-680A051C9FD2}"
EndProject
Global
	GlobalSection(SolutionConfigurationPlatforms) = preSolution
		Debug|Any CPU = Debug|Any CPU
		Release|Any CPU = Release|Any CPU
	EndGlobalSection
	GlobalSection(ProjectConfigurationPlatforms) = postSolution
		{B4A094D9-3C3D-4B62-8D6C-FB5F6550E2EA}.Debug|Any CPU.ActiveCfg = Debug|Any CPU
		{B4A094D9-3C3D-4B62-8D6C-FB5F6550E2EA}.Debug|Any CPU.Build.0 = Debug|Any CPU
		{B4A094D9-3C3D-4B62-8D6C-FB5F6550E2EA}.Release|Any CPU.ActiveCfg = Release|Any CPU
		{B4A094D9-3C3D-4B62-8D6C-FB5F6550E2EA}.Release|Any CPU.Build.0 = Release|Any CPU
		{0C872398-9841-46AC-915B-297F7343DD5C}.Debug|Any CPU.ActiveCfg = Debug|Any CPU
		{0C872398-9841-46AC-915B-297F7343DD5C}.Debug|Any CPU.Build.0 = Debug|Any CPU
		{0C872398-9841-46AC-915B-297F7343DD5C}.Release|Any CPU.ActiveCfg = Release|Any CPU
		{0C872398-9841-46AC-915B-297F7343DD5C}.Release|Any CPU.Build.0 = Release|Any CPU
		{C529416A-BCBD-452F-839A-680A051C9FD2}.Debug|Any CPU.ActiveCfg = Debug|Any CPU
		{C529416A-BCBD-452F-839A-680A051C9FD2}.Debug|Any CPU.Build.0 = Debug|Any CPU
		{C529416A-BCBD-452F-839A-680A051C9FD2}.Release|Any CPU.ActiveCfg = Release|Any CPU
		{C529416A-BCBD-452F-839A-680A051C9FD2}.Release|Any CPU.Build.0 = Release|Any CPU
	EndGlobalSection
	GlobalSection(SolutionProperties) = preSolution
		HideSolutionNode = FALSE
	EndGlobalSection
EndGlobal
